
Microsoft Visual Studio Solution File, Format Version 12.00
# Visual Studio 15
VisualStudioVersion = 15.0.28307.102
MinimumVisualStudioVersion = 10.0.40219.1
Project("{FAE04EC0-301F-11D3-BF4B-00C04F79EFBC}") = "EcsPrinterTest", "EcsPrinterTest\EcsPrinterTest.csproj", "{DAFC8EF0-A445-4BB3-9C4D-DF5FE1C1DFBE}"
EndProject
Global
	GlobalSection(SolutionConfigurationPlatforms) = preSolution
		Debug|Any CPU = Debug|Any CPU
		Release|Any CPU = Release|Any CPU
	EndGlobalSection
	GlobalSection(ProjectConfigurationPlatforms) = postSolution
		{DAFC8EF0-A445-4BB3-9C4D-DF5FE1C1DFBE}.Debug|Any CPU.ActiveCfg = Debug|Any CPU
		{DAFC8EF0-A445-4BB3-9C4D-DF5FE1C1DFBE}.Debug|Any CPU.Build.0 = Debug|Any CPU
		{DAFC8EF0-A445-4BB3-9C4D-DF5FE1C1DFBE}.Release|Any CPU.ActiveCfg = Release|Any CPU
		{DAFC8EF0-A445-4BB3-9C4D-DF5FE1C1DFBE}.Release|Any CPU.Build.0 = Release|Any CPU
	EndGlobalSection
	GlobalSection(SolutionProperties) = preSolution
		HideSolutionNode = FALSE
	EndGlobalSection
	GlobalSection(ExtensibilityGlobals) = postSolution
		SolutionGuid = {0C40916F-9CB5-4CCD-839E-BC70E808B93E}
	EndGlobalSection
EndGlobal
